
Microsoft Visual Studio Solution File, Format Version 12.00
# Visual Studio Version 16
VisualStudioVersion = 16.0.29418.71
MinimumVisualStudioVersion = 10.0.40219.1
Project("{8BC9CEB8-8B4A-11D0-8D11-00A0C91BC942}") = "Jogo da Velha", "Jogo da Velha\Jogo da Velha.vcxproj", "{1FEA9D35-5DE9-487E-B276-4F9491884931}"
EndProject
Project("{8BC9CEB8-8B4A-11D0-8D11-00A0C91BC942}") = "Lig 4", "Lig 4\Lig 4.vcxproj", "{0644F248-5E49-477A-BAD7-7FCA86DA135A}"
EndProject
Project("{8BC9CEB8-8B4A-11D0-8D11-00A0C91BC942}") = "Forca", "Forca\Forca.vcxproj", "{E42D6209-08C2-41E3-A600-C199645ADC2C}"
EndProject
Project("{8BC9CEB8-8B4A-11D0-8D11-00A0C91BC942}") = "Batalha Naval", "Batalha Naval\Batalha Naval.vcxproj", "{EE58612E-920A-4BC3-8567-0AEB20070867}"
EndProject
Project("{8BC9CEB8-8B4A-11D0-8D11-00A0C91BC942}") = "Simon", "Simon\Simon.vcxproj", "{108814A1-98EE-47AA-8749-2BFDAFC780E0}"
EndProject
Project("{8BC9CEB8-8B4A-11D0-8D11-00A0C91BC942}") = "Simon (Linux)", "Simon (Linux)\Simon (Linux).vcxproj", "{21252A61-C6AF-4C67-BBD7-E17DA099F957}"
EndProject
Global
	GlobalSection(SolutionConfigurationPlatforms) = preSolution
		Debug|ARM = Debug|ARM
		Debug|ARM64 = Debug|ARM64
		Debug|x64 = Debug|x64
		Debug|x86 = Debug|x86
		Release StaticCRT|ARM = Release StaticCRT|ARM
		Release StaticCRT|ARM64 = Release StaticCRT|ARM64
		Release StaticCRT|x64 = Release StaticCRT|x64
		Release StaticCRT|x86 = Release StaticCRT|x86
		Release|ARM = Release|ARM
		Release|ARM64 = Release|ARM64
		Release|x64 = Release|x64
		Release|x86 = Release|x86
	EndGlobalSection
	GlobalSection(ProjectConfigurationPlatforms) = postSolution
		{1FEA9D35-5DE9-487E-B276-4F9491884931}.Debug|ARM.ActiveCfg = Debug|Win32
		{1FEA9D35-5DE9-487E-B276-4F9491884931}.Debug|ARM64.ActiveCfg = Debug|Win32
		{1FEA9D35-5DE9-487E-B276-4F9491884931}.Debug|x64.ActiveCfg = Debug|x64
		{1FEA9D35-5DE9-487E-B276-4F9491884931}.Debug|x64.Build.0 = Debug|x64
		{1FEA9D35-5DE9-487E-B276-4F9491884931}.Debug|x86.ActiveCfg = Debug|Win32
		{1FEA9D35-5DE9-487E-B276-4F9491884931}.Debug|x86.Build.0 = Debug|Win32
		{1FEA9D35-5DE9-487E-B276-4F9491884931}.Release StaticCRT|ARM.ActiveCfg = Release|Win32
		{1FEA9D35-5DE9-487E-B276-4F9491884931}.Release StaticCRT|ARM.Build.0 = Release|Win32
		{1FEA9D35-5DE9-487E-B276-4F9491884931}.Release StaticCRT|ARM64.ActiveCfg = Release|Win32
		{1FEA9D35-5DE9-487E-B276-4F9491884931}.Release StaticCRT|ARM64.Build.0 = Release|Win32
		{1FEA9D35-5DE9-487E-B276-4F9491884931}.Release StaticCRT|x64.ActiveCfg = Release|x64
		{1FEA9D35-5DE9-487E-B276-4F9491884931}.Release StaticCRT|x64.Build.0 = Release|x64
		{1FEA9D35-5DE9-487E-B276-4F9491884931}.Release StaticCRT|x86.ActiveCfg = Release|Win32
		{1FEA9D35-5DE9-487E-B276-4F9491884931}.Release StaticCRT|x86.Build.0 = Release|Win32
		{1FEA9D35-5DE9-487E-B276-4F9491884931}.Release|ARM.ActiveCfg = Release|Win32
		{1FEA9D35-5DE9-487E-B276-4F9491884931}.Release|ARM64.ActiveCfg = Release|Win32
		{1FEA9D35-5DE9-487E-B276-4F9491884931}.Release|x64.ActiveCfg = Release|x64
		{1FEA9D35-5DE9-487E-B276-4F9491884931}.Release|x64.Build.0 = Release|x64
		{1FEA9D35-5DE9-487E-B276-4F9491884931}.Release|x86.ActiveCfg = Release|Win32
		{1FEA9D35-5DE9-487E-B276-4F9491884931}.Release|x86.Build.0 = Release|Win32
		{0644F248-5E49-477A-BAD7-7FCA86DA135A}.Debug|ARM.ActiveCfg = Debug|Win32
		{0644F248-5E49-477A-BAD7-7FCA86DA135A}.Debug|ARM64.ActiveCfg = Debug|Win32
		{0644F248-5E49-477A-BAD7-7FCA86DA135A}.Debug|x64.ActiveCfg = Debug|x64
		{0644F248-5E49-477A-BAD7-7FCA86DA135A}.Debug|x64.Build.0 = Debug|x64
		{0644F248-5E49-477A-BAD7-7FCA86DA135A}.Debug|x86.ActiveCfg = Debug|Win32
		{0644F248-5E49-477A-BAD7-7FCA86DA135A}.Debug|x86.Build.0 = Debug|Win32
		{0644F248-5E49-477A-BAD7-7FCA86DA135A}.Release StaticCRT|ARM.ActiveCfg = Release|Win32
		{0644F248-5E49-477A-BAD7-7FCA86DA135A}.Release StaticCRT|ARM.Build.0 = Release|Win32
		{0644F248-5E49-477A-BAD7-7FCA86DA135A}.Release StaticCRT|ARM64.ActiveCfg = Release|Win32
		{0644F248-5E49-477A-BAD7-7FCA86DA135A}.Release StaticCRT|ARM64.Build.0 = Release|Win32
		{0644F248-5E49-477A-BAD7-7FCA86DA135A}.Release StaticCRT|x64.ActiveCfg = Release|x64
		{0644F248-5E49-477A-BAD7-7FCA86DA135A}.Release StaticCRT|x64.Build.0 = Release|x64
		{0644F248-5E49-477A-BAD7-7FCA86DA135A}.Release StaticCRT|x86.ActiveCfg = Release|Win32
		{0644F248-5E49-477A-BAD7-7FCA86DA135A}.Release StaticCRT|x86.Build.0 = Release|Win32
		{0644F248-5E49-477A-BAD7-7FCA86DA135A}.Release|ARM.ActiveCfg = Release|Win32
		{0644F248-5E49-477A-BAD7-7FCA86DA135A}.Release|ARM64.ActiveCfg = Release|Win32
		{0644F248-5E49-477A-BAD7-7FCA86DA135A}.Release|x64.ActiveCfg = Release|x64
		{0644F248-5E49-477A-BAD7-7FCA86DA135A}.Release|x64.Build.0 = Release|x64
		{0644F248-5E49-477A-BAD7-7FCA86DA135A}.Release|x86.ActiveCfg = Release|Win32
		{0644F248-5E49-477A-BAD7-7FCA86DA135A}.Release|x86.Build.0 = Release|Win32
		{E42D6209-08C2-41E3-A600-C199645ADC2C}.Debug|ARM.ActiveCfg = Debug|Win32
		{E42D6209-08C2-41E3-A600-C199645ADC2C}.Debug|ARM64.ActiveCfg = Debug|Win32
		{E42D6209-08C2-41E3-A600-C199645ADC2C}.Debug|x64.ActiveCfg = Debug|x64
		{E42D6209-08C2-41E3-A600-C199645ADC2C}.Debug|x64.Build.0 = Debug|x64
		{E42D6209-08C2-41E3-A600-C199645ADC2C}.Debug|x86.ActiveCfg = Debug|Win32
		{E42D6209-08C2-41E3-A600-C199645ADC2C}.Debug|x86.Build.0 = Debug|Win32
		{E42D6209-08C2-41E3-A600-C199645ADC2C}.Release StaticCRT|ARM.ActiveCfg = Release|Win32
		{E42D6209-08C2-41E3-A600-C199645ADC2C}.Release StaticCRT|ARM.Build.0 = Release|Win32
		{E42D6209-08C2-41E3-A600-C199645ADC2C}.Release StaticCRT|ARM64.ActiveCfg = Release|Win32
		{E42D6209-08C2-41E3-A600-C199645ADC2C}.Release StaticCRT|ARM64.Build.0 = Release|Win32
		{E42D6209-08C2-41E3-A600-C199645ADC2C}.Release StaticCRT|x64.ActiveCfg = Release|x64
		{E42D6209-08C2-41E3-A600-C199645ADC2C}.Release StaticCRT|x64.Build.0 = Release|x64
		{E42D6209-08C2-41E3-A600-C199645ADC2C}.Release StaticCRT|x86.ActiveCfg = Release|Win32
		{E42D6209-08C2-41E3-A600-C199645ADC2C}.Release StaticCRT|x86.Build.0 = Release|Win32
		{E42D6209-08C2-41E3-A600-C199645ADC2C}.Release|ARM.ActiveCfg = Release|Win32
		{E42D6209-08C2-41E3-A600-C199645ADC2C}.Release|ARM64.ActiveCfg = Release|Win32
		{E42D6209-08C2-41E3-A600-C199645ADC2C}.Release|x64.ActiveCfg = Release|x64
		{E42D6209-08C2-41E3-A600-C199645ADC2C}.Release|x64.Build.0 = Release|x64
		{E42D6209-08C2-41E3-A600-C199645ADC2C}.Release|x86.ActiveCfg = Release|Win32
		{E42D6209-08C2-41E3-A600-C199645ADC2C}.Release|x86.Build.0 = Release|Win32
		{EE58612E-920A-4BC3-8567-0AEB20070867}.Debug|ARM.ActiveCfg = Debug|Win32
		{EE58612E-920A-4BC3-8567-0AEB20070867}.Debug|ARM64.ActiveCfg = Debug|Win32
		{EE58612E-920A-4BC3-8567-0AEB20070867}.Debug|x64.ActiveCfg = Debug|x64
		{EE58612E-920A-4BC3-8567-0AEB20070867}.Debug|x64.Build.0 = Debug|x64
		{EE58612E-920A-4BC3-8567-0AEB20070867}.Debug|x86.ActiveCfg = Debug|Win32
		{EE58612E-920A-4BC3-8567-0AEB20070867}.Debug|x86.Build.0 = Debug|Win32
		{EE58612E-920A-4BC3-8567-0AEB20070867}.Release StaticCRT|ARM.ActiveCfg = Release|Win32
		{EE58612E-920A-4BC3-8567-0AEB20070867}.Release StaticCRT|ARM.Build.0 = Release|Win32
		{EE58612E-920A-4BC3-8567-0AEB20070867}.Release StaticCRT|ARM64.ActiveCfg = Release|Win32
		{EE58612E-920A-4BC3-8567-0AEB20070867}.Release StaticCRT|ARM64.Build.0 = Release|Win32
		{EE58612E-920A-4BC3-8567-0AEB20070867}.Release StaticCRT|x64.ActiveCfg = Release|x64
		{EE58612E-920A-4BC3-8567-0AEB20070867}.Release StaticCRT|x64.Build.0 = Release|x64
		{EE58612E-920A-4BC3-8567-0AEB20070867}.Release StaticCRT|x86.ActiveCfg = Release|Win32
		{EE58612E-920A-4BC3-8567-0AEB20070867}.Release StaticCRT|x86.Build.0 = Release|Win32
		{EE58612E-920A-4BC3-8567-0AEB20070867}.Release|ARM.ActiveCfg = Release|Win32
		{EE58612E-920A-4BC3-8567-0AEB20070867}.Release|ARM64.ActiveCfg = Release|Win32
		{EE58612E-920A-4BC3-8567-0AEB20070867}.Release|x64.ActiveCfg = Release|x64
		{EE58612E-920A-4BC3-8567-0AEB20070867}.Release|x64.Build.0 = Release|x64
		{EE58612E-920A-4BC3-8567-0AEB20070867}.Release|x86.ActiveCfg = Release|Win32
		{EE58612E-920A-4BC3-8567-0AEB20070867}.Release|x86.Build.0 = Release|Win32
		{108814A1-98EE-47AA-8749-2BFDAFC780E0}.Debug|ARM.ActiveCfg = Debug|Win32
		{108814A1-98EE-47AA-8749-2BFDAFC780E0}.Debug|ARM64.ActiveCfg = Debug|Win32
		{108814A1-98EE-47AA-8749-2BFDAFC780E0}.Debug|x64.ActiveCfg = Debug|x64
		{108814A1-98EE-47AA-8749-2BFDAFC780E0}.Debug|x64.Build.0 = Debug|x64
		{108814A1-98EE-47AA-8749-2BFDAFC780E0}.Debug|x86.ActiveCfg = Debug|Win32
		{108814A1-98EE-47AA-8749-2BFDAFC780E0}.Debug|x86.Build.0 = Debug|Win32
		{108814A1-98EE-47AA-8749-2BFDAFC780E0}.Release StaticCRT|ARM.ActiveCfg = Release|Win32
		{108814A1-98EE-47AA-8749-2BFDAFC780E0}.Release StaticCRT|ARM.Build.0 = Release|Win32
		{108814A1-98EE-47AA-8749-2BFDAFC780E0}.Release StaticCRT|ARM64.ActiveCfg = Release|Win32
		{108814A1-98EE-47AA-8749-2BFDAFC780E0}.Release StaticCRT|ARM64.Build.0 = Release|Win32
		{108814A1-98EE-47AA-8749-2BFDAFC780E0}.Release StaticCRT|x64.ActiveCfg = Release|x64
		{108814A1-98EE-47AA-8749-2BFDAFC780E0}.Release StaticCRT|x64.Build.0 = Release|x64
		{108814A1-98EE-47AA-8749-2BFDAFC780E0}.Release StaticCRT|x86.ActiveCfg = Release|Win32
		{108814A1-98EE-47AA-8749-2BFDAFC780E0}.Release StaticCRT|x86.Build.0 = Release|Win32
		{108814A1-98EE-47AA-8749-2BFDAFC780E0}.Release|ARM.ActiveCfg = Release|Win32
		{108814A1-98EE-47AA-8749-2BFDAFC780E0}.Release|ARM64.ActiveCfg = Release|Win32
		{108814A1-98EE-47AA-8749-2BFDAFC780E0}.Release|x64.ActiveCfg = Release|x64
		{108814A1-98EE-47AA-8749-2BFDAFC780E0}.Release|x64.Build.0 = Release|x64
		{108814A1-98EE-47AA-8749-2BFDAFC780E0}.Release|x86.ActiveCfg = Release|Win32
		{108814A1-98EE-47AA-8749-2BFDAFC780E0}.Release|x86.Build.0 = Release|Win32
		{21252A61-C6AF-4C67-BBD7-E17DA099F957}.Debug|ARM.ActiveCfg = Debug|ARM
		{21252A61-C6AF-4C67-BBD7-E17DA099F957}.Debug|ARM.Build.0 = Debug|ARM
		{21252A61-C6AF-4C67-BBD7-E17DA099F957}.Debug|ARM.Deploy.0 = Debug|ARM
		{21252A61-C6AF-4C67-BBD7-E17DA099F957}.Debug|ARM64.ActiveCfg = Debug|ARM64
		{21252A61-C6AF-4C67-BBD7-E17DA099F957}.Debug|ARM64.Build.0 = Debug|ARM64
		{21252A61-C6AF-4C67-BBD7-E17DA099F957}.Debug|ARM64.Deploy.0 = Debug|ARM64
		{21252A61-C6AF-4C67-BBD7-E17DA099F957}.Debug|x64.ActiveCfg = Debug|x64
		{21252A61-C6AF-4C67-BBD7-E17DA099F957}.Debug|x64.Build.0 = Debug|x64
		{21252A61-C6AF-4C67-BBD7-E17DA099F957}.Debug|x64.Deploy.0 = Debug|x64
		{21252A61-C6AF-4C67-BBD7-E17DA099F957}.Debug|x86.ActiveCfg = Debug|x86
		{21252A61-C6AF-4C67-BBD7-E17DA099F957}.Debug|x86.Build.0 = Debug|x86
		{21252A61-C6AF-4C67-BBD7-E17DA099F957}.Debug|x86.Deploy.0 = Debug|x86
		{21252A61-C6AF-4C67-BBD7-E17DA099F957}.Release StaticCRT|ARM.ActiveCfg = Release|ARM
		{21252A61-C6AF-4C67-BBD7-E17DA099F957}.Release StaticCRT|ARM.Build.0 = Release|ARM
		{21252A61-C6AF-4C67-BBD7-E17DA099F957}.Release StaticCRT|ARM.Deploy.0 = Release|ARM
		{21252A61-C6AF-4C67-BBD7-E17DA099F957}.Release StaticCRT|ARM64.ActiveCfg = Release|ARM64
		{21252A61-C6AF-4C67-BBD7-E17DA099F957}.Release StaticCRT|ARM64.Build.0 = Release|ARM64
		{21252A61-C6AF-4C67-BBD7-E17DA099F957}.Release StaticCRT|ARM64.Deploy.0 = Release|ARM64
		{21252A61-C6AF-4C67-BBD7-E17DA099F957}.Release StaticCRT|x64.ActiveCfg = Release|x64
		{21252A61-C6AF-4C67-BBD7-E17DA099F957}.Release StaticCRT|x64.Build.0 = Release|x64
		{21252A61-C6AF-4C67-BBD7-E17DA099F957}.Release StaticCRT|x64.Deploy.0 = Release|x64
		{21252A61-C6AF-4C67-BBD7-E17DA099F957}.Release StaticCRT|x86.ActiveCfg = Release|x86
		{21252A61-C6AF-4C67-BBD7-E17DA099F957}.Release StaticCRT|x86.Build.0 = Release|x86
		{21252A61-C6AF-4C67-BBD7-E17DA099F957}.Release StaticCRT|x86.Deploy.0 = Release|x86
		{21252A61-C6AF-4C67-BBD7-E17DA099F957}.Release|ARM.ActiveCfg = Release|ARM
		{21252A61-C6AF-4C67-BBD7-E17DA099F957}.Release|ARM.Build.0 = Release|ARM
		{21252A61-C6AF-4C67-BBD7-E17DA099F957}.Release|ARM.Deploy.0 = Release|ARM
		{21252A61-C6AF-4C67-BBD7-E17DA099F957}.Release|ARM64.ActiveCfg = Release|ARM64
		{21252A61-C6AF-4C67-BBD7-E17DA099F957}.Release|ARM64.Build.0 = Release|ARM64
		{21252A61-C6AF-4C67-BBD7-E17DA099F957}.Release|ARM64.Deploy.0 = Release|ARM64
		{21252A61-C6AF-4C67-BBD7-E17DA099F957}.Release|x64.ActiveCfg = Release|x64
		{21252A61-C6AF-4C67-BBD7-E17DA099F957}.Release|x64.Build.0 = Release|x64
		{21252A61-C6AF-4C67-BBD7-E17DA099F957}.Release|x64.Deploy.0 = Release|x64
		{21252A61-C6AF-4C67-BBD7-E17DA099F957}.Release|x86.ActiveCfg = Release|x86
		{21252A61-C6AF-4C67-BBD7-E17DA099F957}.Release|x86.Build.0 = Release|x86
		{21252A61-C6AF-4C67-BBD7-E17DA099F957}.Release|x86.Deploy.0 = Release|x86
	EndGlobalSection
	GlobalSection(SolutionProperties) = preSolution
		HideSolutionNode = FALSE
	EndGlobalSection
	GlobalSection(ExtensibilityGlobals) = postSolution
		SolutionGuid = {87C20321-2251-43E8-A7C3-8EA284F60B88}
	EndGlobalSection
EndGlobal
