<?xml version="1.0" encoding="utf-8"?>
<Project ToolsVersion="4.0" xmlns="http://schemas.microsoft.com/developer/msbuild/2003">
  <ItemGroup>
    <Filter Include="Header Files">
      <UniqueIdentifier>{93995380-89BD-4b04-88EB-625FBE52EBFB}</UniqueIdentifier>
      <Extensions>h;hh;hpp;hxx;hm;inl;inc;ipp;xsd</Extensions>
    </Filter>
    <Filter Include="Source Files">
      <UniqueIdentifier>{4FC737F1-C7A5-4376-A066-2A32D752A2FF}</UniqueIdentifier>
      <Extensions>cpp;c;cc;cxx;def;odl;idl;hpj;bat;asm;asmx</Extensions>
    </Filter>
    <Filter Include="SFX">
      <UniqueIdentifier>{67DA6AB6-F800-4c08-8B7A-83BB121AAD01}</UniqueIdentifier>
      <Extensions>rc;ico;cur;bmp;dlg;rc2;rct;bin;rgs;gif;jpg;jpeg;jpe;resx;tiff;tif;png;wav;mfcribbon-ms</Extensions>
    </Filter>
  </ItemGroup>
  <ItemGroup>
    <ClCompile Include="simon.c">
      <Filter>Source Files</Filter>
    </ClCompile>
    <ClCompile Include="ansi_escapes.c">
      <Filter>Source Files</Filter>
    </ClCompile>
    <ClCompile Include="windowsConsoleInteraction.c">
      <Filter>Source Files</Filter>
    </ClCompile>
  </ItemGroup>
  <ItemGroup>
    <ClInclude Include="ansi_escapes.h">
      <Filter>Header Files</Filter>
    </ClInclude>
    <ClInclude Include="windowsConsoleInteraction.h">
      <Filter>Header Files</Filter>
    </ClInclude>
    <ClInclude Include="bass.h">
      <Filter>Header Files</Filter>
    </ClInclude>
  </ItemGroup>
  <ItemGroup>
    <Media Include="blue_button.wav">
      <Filter>SFX</Filter>
    </Media>
    <Media Include="green_button.wav">
      <Filter>SFX</Filter>
    </Media>
    <Media Include="wrong.wav">
      <Filter>SFX</Filter>
    </Media>
    <Media Include="yellow_button.wav">
      <Filter>SFX</Filter>
    </Media>
    <Media Include="red_button.wav">
      <Filter>SFX</Filter>
    </Media>
  </ItemGroup>
  <ItemGroup>
    <None Include="youre-too-slow.ogg">
      <Filter>SFX</Filter>
    </None>
    <None Include="chrono_trigger_fanfare.ogg">
      <Filter>SFX</Filter>
    </None>
    <None Include="ffi_victory.ogg">
      <Filter>SFX</Filter>
    </None>
  </ItemGroup>
</Project>